
Microsoft Visual Studio Solution File, Format Version 12.00
# Visual Studio Version 17
VisualStudioVersion = 17.8.34309.116
MinimumVisualStudioVersion = 10.0.40219.1
Project("{FAE04EC0-301F-11D3-BF4B-00C04F79EFBC}") = "YTDownloader", "YTDownloader\YTDownloader.csproj", "{C3DF3A6D-89CC-4366-A1F8-50AD9EC21018}"
EndProject
Global
	GlobalSection(SolutionConfigurationPlatforms) = preSolution
		Debug|Any CPU = Debug|Any CPU
		Release|Any CPU = Release|Any CPU
	EndGlobalSection
	GlobalSection(ProjectConfigurationPlatforms) = postSolution
		{C3DF3A6D-89CC-4366-A1F8-50AD9EC21018}.Debug|Any CPU.ActiveCfg = Debug|Any CPU
		{C3DF3A6D-89CC-4366-A1F8-50AD9EC21018}.Debug|Any CPU.Build.0 = Debug|Any CPU
		{C3DF3A6D-89CC-4366-A1F8-50AD9EC21018}.Release|Any CPU.ActiveCfg = Release|Any CPU
		{C3DF3A6D-89CC-4366-A1F8-50AD9EC21018}.Release|Any CPU.Build.0 = Release|Any CPU
	EndGlobalSection
	GlobalSection(SolutionProperties) = preSolution
		HideSolutionNode = FALSE
	EndGlobalSection
	GlobalSection(ExtensibilityGlobals) = postSolution
		SolutionGuid = {F6221A03-E16B-4D3C-850B-6DE5AEE85EFA}
	EndGlobalSection
EndGlobal
